
Microsoft Visual Studio Solution File, Format Version 12.00
# Visual Studio 2012
Project("{FAE04EC0-301F-11D3-BF4B-00C04F79EFBC}") = "AdvUnitTesting.Core", "AdvUnitTesting.Core\AdvUnitTesting.Core.csproj", "{D8693C11-082D-4D2D-9590-CCF702E81DEC}"
EndProject
Project("{FAE04EC0-301F-11D3-BF4B-00C04F79EFBC}") = "AdvUnitTesting.Tests.Unit", "AdvUnitTesting.Tests.Unit\AdvUnitTesting.Tests.Unit.csproj", "{6DE7A0B3-7EEB-493C-8458-223DA93F84EE}"
EndProject
Global
	GlobalSection(SolutionConfigurationPlatforms) = preSolution
		Debug|Any CPU = Debug|Any CPU
		Release|Any CPU = Release|Any CPU
	EndGlobalSection
	GlobalSection(ProjectConfigurationPlatforms) = postSolution
		{6DE7A0B3-7EEB-493C-8458-223DA93F84EE}.Debug|Any CPU.ActiveCfg = Debug|Any CPU
		{6DE7A0B3-7EEB-493C-8458-223DA93F84EE}.Debug|Any CPU.Build.0 = Debug|Any CPU
		{6DE7A0B3-7EEB-493C-8458-223DA93F84EE}.Release|Any CPU.ActiveCfg = Release|Any CPU
		{6DE7A0B3-7EEB-493C-8458-223DA93F84EE}.Release|Any CPU.Build.0 = Release|Any CPU
		{D8693C11-082D-4D2D-9590-CCF702E81DEC}.Debug|Any CPU.ActiveCfg = Debug|Any CPU
		{D8693C11-082D-4D2D-9590-CCF702E81DEC}.Debug|Any CPU.Build.0 = Debug|Any CPU
		{D8693C11-082D-4D2D-9590-CCF702E81DEC}.Release|Any CPU.ActiveCfg = Release|Any CPU
		{D8693C11-082D-4D2D-9590-CCF702E81DEC}.Release|Any CPU.Build.0 = Release|Any CPU
	EndGlobalSection
EndGlobal
